
Microsoft Visual Studio Solution File, Format Version 12.00
# Visual Studio Version 16
VisualStudioVersion = 16.0.31321.278
MinimumVisualStudioVersion = 10.0.40219.1
Project("{FAE04EC0-301F-11D3-BF4B-00C04F79EFBC}") = "Contact Application", "Contact Application\Contact Application.csproj", "{29677DB7-3A72-48E8-AB87-189EB3D5030F}"
EndProject
Global
	GlobalSection(SolutionConfigurationPlatforms) = preSolution
		Debug|Any CPU = Debug|Any CPU
		Release|Any CPU = Release|Any CPU
	EndGlobalSection
	GlobalSection(ProjectConfigurationPlatforms) = postSolution
		{29677DB7-3A72-48E8-AB87-189EB3D5030F}.Debug|Any CPU.ActiveCfg = Debug|Any CPU
		{29677DB7-3A72-48E8-AB87-189EB3D5030F}.Debug|Any CPU.Build.0 = Debug|Any CPU
		{29677DB7-3A72-48E8-AB87-189EB3D5030F}.Release|Any CPU.ActiveCfg = Release|Any CPU
		{29677DB7-3A72-48E8-AB87-189EB3D5030F}.Release|Any CPU.Build.0 = Release|Any CPU
	EndGlobalSection
	GlobalSection(SolutionProperties) = preSolution
		HideSolutionNode = FALSE
	EndGlobalSection
	GlobalSection(ExtensibilityGlobals) = postSolution
		SolutionGuid = {FA5ED921-6E93-48AA-BE16-515837468887}
	EndGlobalSection
EndGlobal
